
Microsoft Visual Studio Solution File, Format Version 12.00
# Visual Studio Version 16
VisualStudioVersion = 16.0.32002.261
MinimumVisualStudioVersion = 10.0.40219.1
Project("{9A19103F-16F7-4668-BE54-9A1E7A4F7556}") = "Lab2_BT1", "Lab2_BT1.csproj", "{2A2143AB-97B2-4D92-B597-A8437F05CC43}"
EndProject
Global
	GlobalSection(SolutionConfigurationPlatforms) = preSolution
		Debug|Any CPU = Debug|Any CPU
		Release|Any CPU = Release|Any CPU
	EndGlobalSection
	GlobalSection(ProjectConfigurationPlatforms) = postSolution
		{2A2143AB-97B2-4D92-B597-A8437F05CC43}.Debug|Any CPU.ActiveCfg = Debug|Any CPU
		{2A2143AB-97B2-4D92-B597-A8437F05CC43}.Debug|Any CPU.Build.0 = Debug|Any CPU
		{2A2143AB-97B2-4D92-B597-A8437F05CC43}.Release|Any CPU.ActiveCfg = Release|Any CPU
		{2A2143AB-97B2-4D92-B597-A8437F05CC43}.Release|Any CPU.Build.0 = Release|Any CPU
	EndGlobalSection
	GlobalSection(SolutionProperties) = preSolution
		HideSolutionNode = FALSE
	EndGlobalSection
	GlobalSection(ExtensibilityGlobals) = postSolution
		SolutionGuid = {4344A8F7-C2C7-4A23-A5CB-BF931DAA0E19}
	EndGlobalSection
EndGlobal
