
Microsoft Visual Studio Solution File, Format Version 12.00
# Visual Studio Version 16
VisualStudioVersion = 16.0.32002.261
MinimumVisualStudioVersion = 10.0.40219.1
Project("{FAE04EC0-301F-11D3-BF4B-00C04F79EFBC}") = "BT1", "BT1.csproj", "{BB6A26A4-632E-4552-B286-0E530FC9622E}"
EndProject
Global
	GlobalSection(SolutionConfigurationPlatforms) = preSolution
		Debug|Any CPU = Debug|Any CPU
		Release|Any CPU = Release|Any CPU
	EndGlobalSection
	GlobalSection(ProjectConfigurationPlatforms) = postSolution
		{BB6A26A4-632E-4552-B286-0E530FC9622E}.Debug|Any CPU.ActiveCfg = Debug|Any CPU
		{BB6A26A4-632E-4552-B286-0E530FC9622E}.Debug|Any CPU.Build.0 = Debug|Any CPU
		{BB6A26A4-632E-4552-B286-0E530FC9622E}.Release|Any CPU.ActiveCfg = Release|Any CPU
		{BB6A26A4-632E-4552-B286-0E530FC9622E}.Release|Any CPU.Build.0 = Release|Any CPU
	EndGlobalSection
	GlobalSection(SolutionProperties) = preSolution
		HideSolutionNode = FALSE
	EndGlobalSection
	GlobalSection(ExtensibilityGlobals) = postSolution
		SolutionGuid = {2A9CF2BB-1EEC-4C0F-8B15-FC10D341745E}
	EndGlobalSection
EndGlobal
